// !$*UTF8*$!
{
	archiveVersion = 1;
	classes = {
	};
	objectVersion = 50;
	objects = {

/* Begin PBXBuildFile section */
		BF2A018F218A9DDD00D87741 /* CopyLab.m in Sources */ = {isa = PBXBuildFile; fileRef = BF2A018E218A9DDD00D87741 /* CopyLab.m */; };
		BFC7B6EE2187F29E007D4143 /* AppDelegate.m in Sources */ = {isa = PBXBuildFile; fileRef = BFC7B6ED2187F29E007D4143 /* AppDelegate.m */; };
		BFC7B6F12187F29E007D4143 /* ViewController.m in Sources */ = {isa = PBXBuildFile; fileRef = BFC7B6F02187F29E007D4143 /* ViewController.m */; };
		BFC7B6F42187F29E007D4143 /* Main.storyboard in Resources */ = {isa = PBXBuildFile; fileRef = BFC7B6F22187F29E007D4143 /* Main.storyboard */; };
		BFC7B6F62187F2A0007D4143 /* Assets.xcassets in Resources */ = {isa = PBXBuildFile; fileRef = BFC7B6F52187F2A0007D4143 /* Assets.xcassets */; };
		BFC7B6F92187F2A0007D4143 /* LaunchScreen.storyboard in Resources */ = {isa = PBXBuildFile; fileRef = BFC7B6F72187F2A0007D4143 /* LaunchScreen.storyboard */; };
		BFC7B6FC2187F2A0007D4143 /* main.m in Sources */ = {isa = PBXBuildFile; fileRef = BFC7B6FB2187F2A0007D4143 /* main.m */; };
		BFC7B7062187F2A0007D4143 /* XJPastboardTestTests.m in Sources */ = {isa = PBXBuildFile; fileRef = BFC7B7052187F2A0007D4143 /* XJPastboardTestTests.m */; };
		BFC7B7112187F2A0007D4143 /* XJPastboardTestUITests.m in Sources */ = {isa = PBXBuildFile; fileRef = BFC7B7102187F2A0007D4143 /* XJPastboardTestUITests.m */; };
/* End PBXBuildFile section */

/* Begin PBXContainerItemProxy section */
		BFC7B7022187F2A0007D4143 /* PBXContainerItemProxy */ = {
			isa = PBXContainerItemProxy;
			containerPortal = BFC7B6E12187F29E007D4143 /* Project object */;
			proxyType = 1;
			remoteGlobalIDString = BFC7B6E82187F29E007D4143;
			remoteInfo = XJPastboardTest;
		};
		BFC7B70D2187F2A0007D4143 /* PBXContainerItemProxy */ = {
			isa = PBXContainerItemProxy;
			containerPortal = BFC7B6E12187F29E007D4143 /* Project object */;
			proxyType = 1;
			remoteGlobalIDString = BFC7B6E82187F29E007D4143;
			remoteInfo = XJPastboardTest;
		};
/* End PBXContainerItemProxy section */

/* Begin PBXFileReference section */
		BF2A018D218A9DDD00D87741 /* CopyLab.h */ = {isa = PBXFileReference; lastKnownFileType = sourcecode.c.h; path = CopyLab.h; sourceTree = "<group>"; };
		BF2A018E218A9DDD00D87741 /* CopyLab.m */ = {isa = PBXFileReference; lastKnownFileType = sourcecode.c.objc; path = CopyLab.m; sourceTree = "<group>"; };
		BFC7B6E92187F29E007D4143 /* XJPastboardTest.app */ = {isa = PBXFileReference; explicitFileType = wrapper.application; includeInIndex = 0; path = XJPastboardTest.app; sourceTree = BUILT_PRODUCTS_DIR; };
		BFC7B6EC2187F29E007D4143 /* AppDelegate.h */ = {isa = PBXFileReference; lastKnownFileType = sourcecode.c.h; path = AppDelegate.h; sourceTree = "<group>"; };
		BFC7B6ED2187F29E007D4143 /* AppDelegate.m */ = {isa = PBXFileReference; lastKnownFileType = sourcecode.c.objc; path = AppDelegate.m; sourceTree = "<group>"; };
		BFC7B6EF2187F29E007D4143 /* ViewController.h */ = {isa = PBXFileReference; lastKnownFileType = sourcecode.c.h; path = ViewController.h; sourceTree = "<group>"; };
		BFC7B6F02187F29E007D4143 /* ViewController.m */ = {isa = PBXFileReference; lastKnownFileType = sourcecode.c.objc; path = ViewController.m; sourceTree = "<group>"; };
		BFC7B6F32187F29E007D4143 /* Base */ = {isa = PBXFileReference; lastKnownFileType = file.storyboard; name = Base; path = Base.lproj/Main.storyboard; sourceTree = "<group>"; };
		BFC7B6F52187F2A0007D4143 /* Assets.xcassets */ = {isa = PBXFileReference; lastKnownFileType = folder.assetcatalog; path = Assets.xcassets; sourceTree = "<group>"; };
		BFC7B6F82187F2A0007D4143 /* Base */ = {isa = PBXFileReference; lastKnownFileType = file.storyboard; name = Base; path = Base.lproj/LaunchScreen.storyboard; sourceTree = "<group>"; };
		BFC7B6FA2187F2A0007D4143 /* Info.plist */ = {isa = PBXFileReference; lastKnownFileType = text.plist.xml; path = Info.plist; sourceTree = "<group>"; };
		BFC7B6FB2187F2A0007D4143 /* main.m */ = {isa = PBXFileReference; lastKnownFileType = sourcecode.c.objc; path = main.m; sourceTree = "<group>"; };
		BFC7B7012187F2A0007D4143 /* XJPastboardTestTests.xctest */ = {isa = PBXFileReference; explicitFileType = wrapper.cfbundle; includeInIndex = 0; path = XJPastboardTestTests.xctest; sourceTree = BUILT_PRODUCTS_DIR; };
		BFC7B7052187F2A0007D4143 /* XJPastboardTestTests.m */ = {isa = PBXFileReference; lastKnownFileType = sourcecode.c.objc; path = XJPastboardTestTests.m; sourceTree = "<group>"; };
		BFC7B7072187F2A0007D4143 /* Info.plist */ = {isa = PBXFileReference; lastKnownFileType = text.plist.xml; path = Info.plist; sourceTree = "<group>"; };
		BFC7B70C2187F2A0007D4143 /* XJPastboardTestUITests.xctest */ = {isa = PBXFileReference; explicitFileType = wrapper.cfbundle; includeInIndex = 0; path = XJPastboardTestUITests.xctest; sourceTree = BUILT_PRODUCTS_DIR; };
		BFC7B7102187F2A0007D4143 /* XJPastboardTestUITests.m */ = {isa = PBXFileReference; lastKnownFileType = sourcecode.c.objc; path = XJPastboardTestUITests.m; sourceTree = "<group>"; };
		BFC7B7122187F2A0007D4143 /* Info.plist */ = {isa = PBXFileReference; lastKnownFileType = text.plist.xml; path = Info.plist; sourceTree = "<group>"; };
/* End PBXFileReference section */

/* Begin PBXFrameworksBuildPhase section */
		BFC7B6E62187F29E007D4143 /* Frameworks */ = {
			isa = PBXFrameworksBuildPhase;
			buildActionMask = 2147483647;
			files = (
			);
			runOnlyForDeploymentPostprocessing = 0;
		};
		BFC7B6FE2187F2A0007D4143 /* Frameworks */ = {
			isa = PBXFrameworksBuildPhase;
			buildActionMask = 2147483647;
			files = (
			);
			runOnlyForDeploymentPostprocessing = 0;
		};
		BFC7B7092187F2A0007D4143 /* Frameworks */ = {
			isa = PBXFrameworksBuildPhase;
			buildActionMask = 2147483647;
			files = (
			);
			runOnlyForDeploymentPostprocessing = 0;
		};
/* End PBXFrameworksBuildPhase section */

/* Begin PBXGroup section */
		BFC7B6E02187F29E007D4143 = {
			isa = PBXGroup;
			children = (
				BFC7B6EB2187F29E007D4143 /* XJPastboardTest */,
				BFC7B7042187F2A0007D4143 /* XJPastboardTestTests */,
				BFC7B70F2187F2A0007D4143 /* XJPastboardTestUITests */,
				BFC7B6EA2187F29E007D4143 /* Products */,
			);
			sourceTree = "<group>";
		};
		BFC7B6EA2187F29E007D4143 /* Products */ = {
			isa = PBXGroup;
			children = (
				BFC7B6E92187F29E007D4143 /* XJPastboardTest.app */,
				BFC7B7012187F2A0007D4143 /* XJPastboardTestTests.xctest */,
				BFC7B70C2187F2A0007D4143 /* XJPastboardTestUITests.xctest */,
			);
			name = Products;
			sourceTree = "<group>";
		};
		BFC7B6EB2187F29E007D4143 /* XJPastboardTest */ = {
			isa = PBXGroup;
			children = (
				BFC7B6EC2187F29E007D4143 /* AppDelegate.h */,
				BFC7B6ED2187F29E007D4143 /* AppDelegate.m */,
				BFC7B6EF2187F29E007D4143 /* ViewController.h */,
				BFC7B6F02187F29E007D4143 /* ViewController.m */,
				BFC7B6F22187F29E007D4143 /* Main.storyboard */,
				BFC7B6F52187F2A0007D4143 /* Assets.xcassets */,
				BFC7B6F72187F2A0007D4143 /* LaunchScreen.storyboard */,
				BFC7B6FA2187F2A0007D4143 /* Info.plist */,
				BFC7B6FB2187F2A0007D4143 /* main.m */,
				BF2A018D218A9DDD00D87741 /* CopyLab.h */,
				BF2A018E218A9DDD00D87741 /* CopyLab.m */,
			);
			path = XJPastboardTest;
			sourceTree = "<group>";
		};
		BFC7B7042187F2A0007D4143 /* XJPastboardTestTests */ = {
			isa = PBXGroup;
			children = (
				BFC7B7052187F2A0007D4143 /* XJPastboardTestTests.m */,
				BFC7B7072187F2A0007D4143 /* Info.plist */,
			);
			path = XJPastboardTestTests;
			sourceTree = "<group>";
		};
		BFC7B70F2187F2A0007D4143 /* XJPastboardTestUITests */ = {
			isa = PBXGroup;
			children = (
				BFC7B7102187F2A0007D4143 /* XJPastboardTestUITests.m */,
				BFC7B7122187F2A0007D4143 /* Info.plist */,
			);
			path = XJPastboardTestUITests;
			sourceTree = "<group>";
		};
/* End PBXGroup section */

/* Begin PBXNativeTarget section */
		BFC7B6E82187F29E007D4143 /* XJPastboardTest */ = {
			isa = PBXNativeTarget;
			buildConfigurationList = BFC7B7152187F2A0007D4143 /* Build configuration list for PBXNativeTarget "XJPastboardTest" */;
			buildPhases = (
				BFC7B6E52187F29E007D4143 /* Sources */,
				BFC7B6E62187F29E007D4143 /* Frameworks */,
				BFC7B6E72187F29E007D4143 /* Resources */,
			);
			buildRules = (
			);
			dependencies = (
			);
			name = XJPastboardTest;
			productName = XJPastboardTest;
			productReference = BFC7B6E92187F29E007D4143 /* XJPastboardTest.app */;
			productType = "com.apple.product-type.application";
		};
		BFC7B7002187F2A0007D4143 /* XJPastboardTestTests */ = {
			isa = PBXNativeTarget;
			buildConfigurationList = BFC7B7182187F2A0007D4143 /* Build configuration list for PBXNativeTarget "XJPastboardTestTests" */;
			buildPhases = (
				BFC7B6FD2187F2A0007D4143 /* Sources */,
				BFC7B6FE2187F2A0007D4143 /* Frameworks */,
				BFC7B6FF2187F2A0007D4143 /* Resources */,
			);
			buildRules = (
			);
			dependencies = (
				BFC7B7032187F2A0007D4143 /* PBXTargetDependency */,
			);
			name = XJPastboardTestTests;
			productName = XJPastboardTestTests;
			productReference = BFC7B7012187F2A0007D4143 /* XJPastboardTestTests.xctest */;
			productType = "com.apple.product-type.bundle.unit-test";
		};
		BFC7B70B2187F2A0007D4143 /* XJPastboardTestUITests */ = {
			isa = PBXNativeTarget;
			buildConfigurationList = BFC7B71B2187F2A0007D4143 /* Build configuration list for PBXNativeTarget "XJPastboardTestUITests" */;
			buildPhases = (
				BFC7B7082187F2A0007D4143 /* Sources */,
				BFC7B7092187F2A0007D4143 /* Frameworks */,
				BFC7B70A2187F2A0007D4143 /* Resources */,
			);
			buildRules = (
			);
			dependencies = (
				BFC7B70E2187F2A0007D4143 /* PBXTargetDependency */,
			);
			name = XJPastboardTestUITests;
			productName = XJPastboardTestUITests;
			productReference = BFC7B70C2187F2A0007D4143 /* XJPastboardTestUITests.xctest */;
			productType = "com.apple.product-type.bundle.ui-testing";
		};
/* End PBXNativeTarget section */

/* Begin PBXProject section */
		BFC7B6E12187F29E007D4143 /* Project object */ = {
			isa = PBXProject;
			attributes = {
				LastUpgradeCheck = 1000;
				ORGANIZATIONNAME = zengxianjie;
				TargetAttributes = {
					BFC7B6E82187F29E007D4143 = {
						CreatedOnToolsVersion = 10.0;
					};
					BFC7B7002187F2A0007D4143 = {
						CreatedOnToolsVersion = 10.0;
						TestTargetID = BFC7B6E82187F29E007D4143;
					};
					BFC7B70B2187F2A0007D4143 = {
						CreatedOnToolsVersion = 10.0;
						TestTargetID = BFC7B6E82187F29E007D4143;
					};
				};
			};
			buildConfigurationList = BFC7B6E42187F29E007D4143 /* Build configuration list for PBXProject "XJPastboardTest" */;
			compatibilityVersion = "Xcode 9.3";
			developmentRegion = en;
			hasScannedForEncodings = 0;
			knownRegions = (
				en,
				Base,
			);
			mainGroup = BFC7B6E02187F29E007D4143;
			productRefGroup = BFC7B6EA2187F29E007D4143 /* Products */;
			projectDirPath = "";
			projectRoot = "";
			targets = (
				BFC7B6E82187F29E007D4143 /* XJPastboardTest */,
				BFC7B7002187F2A0007D4143 /* XJPastboardTestTests */,
				BFC7B70B2187F2A0007D4143 /* XJPastboardTestUITests */,
			);
		};
/* End PBXProject section */

/* Begin PBXResourcesBuildPhase section */
		BFC7B6E72187F29E007D4143 /* Resources */ = {
			isa = PBXResourcesBuildPhase;
			buildActionMask = 2147483647;
			files = (
				BFC7B6F92187F2A0007D4143 /* LaunchScreen.storyboard in Resources */,
				BFC7B6F62187F2A0007D4143 /* Assets.xcassets in Resources */,
				BFC7B6F42187F29E007D4143 /* Main.storyboard in Resources */,
			);
			runOnlyForDeploymentPostprocessing = 0;
		};
		BFC7B6FF2187F2A0007D4143 /* Resources */ = {
			isa = PBXResourcesBuildPhase;
			buildActionMask = 2147483647;
			files = (
			);
			runOnlyForDeploymentPostprocessing = 0;
		};
		BFC7B70A2187F2A0007D4143 /* Resources */ = {
			isa = PBXResourcesBuildPhase;
			buildActionMask = 2147483647;
			files = (
			);
			runOnlyForDeploymentPostprocessing = 0;
		};
/* End PBXResourcesBuildPhase section */

/* Begin PBXSourcesBuildPhase section */
		BFC7B6E52187F29E007D4143 /* Sources */ = {
			isa = PBXSourcesBuildPhase;
			buildActionMask = 2147483647;
			files = (
				BFC7B6F12187F29E007D4143 /* ViewController.m in Sources */,
				BFC7B6FC2187F2A0007D4143 /* main.m in Sources */,
				BF2A018F218A9DDD00D87741 /* CopyLab.m in Sources */,
				BFC7B6EE2187F29E007D4143 /* AppDelegate.m in Sources */,
			);
			runOnlyForDeploymentPostprocessing = 0;
		};
		BFC7B6FD2187F2A0007D4143 /* Sources */ = {
			isa = PBXSourcesBuildPhase;
			buildActionMask = 2147483647;
			files = (
				BFC7B7062187F2A0007D4143 /* XJPastboardTestTests.m in Sources */,
			);
			runOnlyForDeploymentPostprocessing = 0;
		};
		BFC7B7082187F2A0007D4143 /* Sources */ = {
			isa = PBXSourcesBuildPhase;
			buildActionMask = 2147483647;
			files = (
				BFC7B7112187F2A0007D4143 /* XJPastboardTestUITests.m in Sources */,
			);
			runOnlyForDeploymentPostprocessing = 0;
		};
/* End PBXSourcesBuildPhase section */

/* Begin PBXTargetDependency section */
		BFC7B7032187F2A0007D4143 /* PBXTargetDependency */ = {
			isa = PBXTargetDependency;
			target = BFC7B6E82187F29E007D4143 /* XJPastboardTest */;
			targetProxy = BFC7B7022187F2A0007D4143 /* PBXContainerItemProxy */;
		};
		BFC7B70E2187F2A0007D4143 /* PBXTargetDependency */ = {
			isa = PBXTargetDependency;
			target = BFC7B6E82187F29E007D4143 /* XJPastboardTest */;
			targetProxy = BFC7B70D2187F2A0007D4143 /* PBXContainerItemProxy */;
		};
/* End PBXTargetDependency section */

/* Begin PBXVariantGroup section */
		BFC7B6F22187F29E007D4143 /* Main.storyboard */ = {
			isa = PBXVariantGroup;
			children = (
				BFC7B6F32187F29E007D4143 /* Base */,
			);
			name = Main.storyboard;
			sourceTree = "<group>";
		};
		BFC7B6F72187F2A0007D4143 /* LaunchScreen.storyboard */ = {
			isa = PBXVariantGroup;
			children = (
				BFC7B6F82187F2A0007D4143 /* Base */,
			);
			name = LaunchScreen.storyboard;
			sourceTree = "<group>";
		};
/* End PBXVariantGroup section */

/* Begin XCBuildConfiguration section */
		BFC7B7132187F2A0007D4143 /* Debug */ = {
			isa = XCBuildConfiguration;
			buildSettings = {
				ALWAYS_SEARCH_USER_PATHS = NO;
				CLANG_ANALYZER_NONNULL = YES;
				CLANG_ANALYZER_NUMBER_OBJECT_CONVERSION = YES_AGGRESSIVE;
				CLANG_CXX_LANGUAGE_STANDARD = "gnu++14";
				CLANG_CXX_LIBRARY = "libc++";
				CLANG_ENABLE_MODULES = YES;
				CLANG_ENABLE_OBJC_ARC = YES;
				CLANG_ENABLE_OBJC_WEAK = YES;
				CLANG_WARN_BLOCK_CAPTURE_AUTORELEASING = YES;
				CLANG_WARN_BOOL_CONVERSION = YES;
				CLANG_WARN_COMMA = YES;
				CLANG_WARN_CONSTANT_CONVERSION = YES;
				CLANG_WARN_DEPRECATED_OBJC_IMPLEMENTATIONS = YES;
				CLANG_WARN_DIRECT_OBJC_ISA_USAGE = YES_ERROR;
				CLANG_WARN_DOCUMENTATION_COMMENTS = YES;
				CLANG_WARN_EMPTY_BODY = YES;
				CLANG_WARN_ENUM_CONVERSION = YES;
				CLANG_WARN_INFINITE_RECURSION = YES;
				CLANG_WARN_INT_CONVERSION = YES;
				CLANG_WARN_NON_LITERAL_NULL_CONVERSION = YES;
				CLANG_WARN_OBJC_IMPLICIT_RETAIN_SELF = YES;
				CLANG_WARN_OBJC_LITERAL_CONVERSION = YES;
				CLANG_WARN_OBJC_ROOT_CLASS = YES_ERROR;
				CLANG_WARN_RANGE_LOOP_ANALYSIS = YES;
				CLANG_WARN_STRICT_PROTOTYPES = YES;
				CLANG_WARN_SUSPICIOUS_MOVE = YES;
				CLANG_WARN_UNGUARDED_AVAILABILITY = YES_AGGRESSIVE;
				CLANG_WARN_UNREACHABLE_CODE = YES;
				CLANG_WARN__DUPLICATE_METHOD_MATCH = YES;
				CODE_SIGN_IDENTITY = "iPhone Developer";
				COPY_PHASE_STRIP = NO;
				DEBUG_INFORMATION_FORMAT = dwarf;
				ENABLE_STRICT_OBJC_MSGSEND = YES;
				ENABLE_TESTABILITY = YES;
				GCC_C_LANGUAGE_STANDARD = gnu11;
				GCC_DYNAMIC_NO_PIC = NO;
				GCC_NO_COMMON_BLOCKS = YES;
				GCC_OPTIMIZATION_LEVEL = 0;
				GCC_PREPROCESSOR_DEFINITIONS = (
					"DEBUG=1",
					"$(inherited)",
				);
				GCC_WARN_64_TO_32_BIT_CONVERSION = YES;
				GCC_WARN_ABOUT_RETURN_TYPE = YES_ERROR;
				GCC_WARN_UNDECLARED_SELECTOR = YES;
				GCC_WARN_UNINITIALIZED_AUTOS = YES_AGGRESSIVE;
				GCC_WARN_UNUSED_FUNCTION = YES;
				GCC_WARN_UNUSED_VARIABLE = YES;
				IPHONEOS_DEPLOYMENT_TARGET = 12.0;
				MTL_ENABLE_DEBUG_INFO = INCLUDE_SOURCE;
				MTL_FAST_MATH = YES;
				ONLY_ACTIVE_ARCH = YES;
				SDKROOT = iphoneos;
			};
			name = Debug;
		};
		BFC7B7142187F2A0007D4143 /* Release */ = {
			isa = XCBuildConfiguration;
			buildSettings = {
				ALWAYS_SEARCH_USER_PATHS = NO;
				CLANG_ANALYZER_NONNULL = YES;
				CLANG_ANALYZER_NUMBER_OBJECT_CONVERSION = YES_AGGRESSIVE;
				CLANG_CXX_LANGUAGE_STANDARD = "gnu++14";
				CLANG_CXX_LIBRARY = "libc++";
				CLANG_ENABLE_MODULES = YES;
				CLANG_ENABLE_OBJC_ARC = YES;
				CLANG_ENABLE_OBJC_WEAK = YES;
				CLANG_WARN_BLOCK_CAPTURE_AUTORELEASING = YES;
				CLANG_WARN_BOOL_CONVERSION = YES;
				CLANG_WARN_COMMA = YES;
				CLANG_WARN_CONSTANT_CONVERSION = YES;
				CLANG_WARN_DEPRECATED_OBJC_IMPLEMENTATIONS = YES;
				CLANG_WARN_DIRECT_OBJC_ISA_USAGE = YES_ERROR;
				CLANG_WARN_DOCUMENTATION_COMMENTS = YES;
				CLANG_WARN_EMPTY_BODY = YES;
				CLANG_WARN_ENUM_CONVERSION = YES;
				CLANG_WARN_INFINITE_RECURSION = YES;
				CLANG_WARN_INT_CONVERSION = YES;
				CLANG_WARN_NON_LITERAL_NULL_CONVERSION = YES;
				CLANG_WARN_OBJC_IMPLICIT_RETAIN_SELF = YES;
				CLANG_WARN_OBJC_LITERAL_CONVERSION = YES;
				CLANG_WARN_OBJC_ROOT_CLASS = YES_ERROR;
				CLANG_WARN_RANGE_LOOP_ANALYSIS = YES;
				CLANG_WARN_STRICT_PROTOTYPES = YES;
				CLANG_WARN_SUSPICIOUS_MOVE = YES;
				CLANG_WARN_UNGUARDED_AVAILABILITY = YES_AGGRESSIVE;
				CLANG_WARN_UNREACHABLE_CODE = YES;
				CLANG_WARN__DUPLICATE_METHOD_MATCH = YES;
				CODE_SIGN_IDENTITY = "iPhone Developer";
				COPY_PHASE_STRIP = NO;
				DEBUG_INFORMATION_FORMAT = "dwarf-with-dsym";
				ENABLE_NS_ASSERTIONS = NO;
				ENABLE_STRICT_OBJC_MSGSEND = YES;
				GCC_C_LANGUAGE_STANDARD = gnu11;
				GCC_NO_COMMON_BLOCKS = YES;
				GCC_WARN_64_TO_32_BIT_CONVERSION = YES;
				GCC_WARN_ABOUT_RETURN_TYPE = YES_ERROR;
				GCC_WARN_UNDECLARED_SELECTOR = YES;
				GCC_WARN_UNINITIALIZED_AUTOS = YES_AGGRESSIVE;
				GCC_WARN_UNUSED_FUNCTION = YES;
				GCC_WARN_UNUSED_VARIABLE = YES;
				IPHONEOS_DEPLOYMENT_TARGET = 12.0;
				MTL_ENABLE_DEBUG_INFO = NO;
				MTL_FAST_MATH = YES;
				SDKROOT = iphoneos;
				VALIDATE_PRODUCT = YES;
			};
			name = Release;
		};
		BFC7B7162187F2A0007D4143 /* Debug */ = {
			isa = XCBuildConfiguration;
			buildSettings = {
				ASSETCATALOG_COMPILER_APPICON_NAME = AppIcon;
				CODE_SIGN_STYLE = Automatic;
				DEVELOPMENT_TEAM = 6946NN8DZL;
				INFOPLIST_FILE = XJPastboardTest/Info.plist;
				LD_RUNPATH_SEARCH_PATHS = (
					"$(inherited)",
					"@executable_path/Frameworks",
				);
				PRODUCT_BUNDLE_IDENTIFIER = zengxianjie.XJPastboardTest;
				PRODUCT_NAME = "$(TARGET_NAME)";
				TARGETED_DEVICE_FAMILY = "1,2";
			};
			name = Debug;
		};
		BFC7B7172187F2A0007D4143 /* Release */ = {
			isa = XCBuildConfiguration;
			buildSettings = {
				ASSETCATALOG_COMPILER_APPICON_NAME = AppIcon;
				CODE_SIGN_STYLE = Automatic;
				DEVELOPMENT_TEAM = 6946NN8DZL;
				INFOPLIST_FILE = XJPastboardTest/Info.plist;
				LD_RUNPATH_SEARCH_PATHS = (
					"$(inherited)",
					"@executable_path/Frameworks",
				);
				PRODUCT_BUNDLE_IDENTIFIER = zengxianjie.XJPastboardTest;
				PRODUCT_NAME = "$(TARGET_NAME)";
				TARGETED_DEVICE_FAMILY = "1,2";
			};
			name = Release;
		};
		BFC7B7192187F2A0007D4143 /* Debug */ = {
			isa = XCBuildConfiguration;
			buildSettings = {
				BUNDLE_LOADER = "$(TEST_HOST)";
				CODE_SIGN_STYLE = Automatic;
				DEVELOPMENT_TEAM = 6946NN8DZL;
				INFOPLIST_FILE = XJPastboardTestTests/Info.plist;
				LD_RUNPATH_SEARCH_PATHS = (
					"$(inherited)",
					"@executable_path/Frameworks",
					"@loader_path/Frameworks",
				);
				PRODUCT_BUNDLE_IDENTIFIER = zengxianjie.XJPastboardTestTests;
				PRODUCT_NAME = "$(TARGET_NAME)";
				TARGETED_DEVICE_FAMILY = "1,2";
				TEST_HOST = "$(BUILT_PRODUCTS_DIR)/XJPastboardTest.app/XJPastboardTest";
			};
			name = Debug;
		};
		BFC7B71A2187F2A0007D4143 /* Release */ = {
			isa = XCBuildConfiguration;
			buildSettings = {
				BUNDLE_LOADER = "$(TEST_HOST)";
				CODE_SIGN_STYLE = Automatic;
				DEVELOPMENT_TEAM = 6946NN8DZL;
				INFOPLIST_FILE = XJPastboardTestTests/Info.plist;
				LD_RUNPATH_SEARCH_PATHS = (
					"$(inherited)",
					"@executable_path/Frameworks",
					"@loader_path/Frameworks",
				);
				PRODUCT_BUNDLE_IDENTIFIER = zengxianjie.XJPastboardTestTests;
				PRODUCT_NAME = "$(TARGET_NAME)";
				TARGETED_DEVICE_FAMILY = "1,2";
				TEST_HOST = "$(BUILT_PRODUCTS_DIR)/XJPastboardTest.app/XJPastboardTest";
			};
			name = Release;
		};
		BFC7B71C2187F2A0007D4143 /* Debug */ = {
			isa = XCBuildConfiguration;
			buildSettings = {
				CODE_SIGN_STYLE = Automatic;
				DEVELOPMENT_TEAM = 6946NN8DZL;
				INFOPLIST_FILE = XJPastboardTestUITests/Info.plist;
				LD_RUNPATH_SEARCH_PATHS = (
					"$(inherited)",
					"@executable_path/Frameworks",
					"@loader_path/Frameworks",
				);
				PRODUCT_BUNDLE_IDENTIFIER = zengxianjie.XJPastboardTestUITests;
				PRODUCT_NAME = "$(TARGET_NAME)";
				TARGETED_DEVICE_FAMILY = "1,2";
				TEST_TARGET_NAME = XJPastboardTest;
			};
			name = Debug;
		};
		BFC7B71D2187F2A0007D4143 /* Release */ = {
			isa = XCBuildConfiguration;
			buildSettings = {
				CODE_SIGN_STYLE = Automatic;
				DEVELOPMENT_TEAM = 6946NN8DZL;
				INFOPLIST_FILE = XJPastboardTestUITests/Info.plist;
				LD_RUNPATH_SEARCH_PATHS = (
					"$(inherited)",
					"@executable_path/Frameworks",
					"@loader_path/Frameworks",
				);
				PRODUCT_BUNDLE_IDENTIFIER = zengxianjie.XJPastboardTestUITests;
				PRODUCT_NAME = "$(TARGET_NAME)";
				TARGETED_DEVICE_FAMILY = "1,2";
				TEST_TARGET_NAME = XJPastboardTest;
			};
			name = Release;
		};
/* End XCBuildConfiguration section */

/* Begin XCConfigurationList section */
		BFC7B6E42187F29E007D4143 /* Build configuration list for PBXProject "XJPastboardTest" */ = {
			isa = XCConfigurationList;
			buildConfigurations = (
				BFC7B7132187F2A0007D4143 /* Debug */,
				BFC7B7142187F2A0007D4143 /* Release */,
			);
			defaultConfigurationIsVisible = 0;
			defaultConfigurationName = Release;
		};
		BFC7B7152187F2A0007D4143 /* Build configuration list for PBXNativeTarget "XJPastboardTest" */ = {
			isa = XCConfigurationList;
			buildConfigurations = (
				BFC7B7162187F2A0007D4143 /* Debug */,
				BFC7B7172187F2A0007D4143 /* Release */,
			);
			defaultConfigurationIsVisible = 0;
			defaultConfigurationName = Release;
		};
		BFC7B7182187F2A0007D4143 /* Build configuration list for PBXNativeTarget "XJPastboardTestTests" */ = {
			isa = XCConfigurationList;
			buildConfigurations = (
				BFC7B7192187F2A0007D4143 /* Debug */,
				BFC7B71A2187F2A0007D4143 /* Release */,
			);
			defaultConfigurationIsVisible = 0;
			defaultConfigurationName = Release;
		};
		BFC7B71B2187F2A0007D4143 /* Build configuration list for PBXNativeTarget "XJPastboardTestUITests" */ = {
			isa = XCConfigurationList;
			buildConfigurations = (
				BFC7B71C2187F2A0007D4143 /* Debug */,
				BFC7B71D2187F2A0007D4143 /* Release */,
			);
			defaultConfigurationIsVisible = 0;
			defaultConfigurationName = Release;
		};
/* End XCConfigurationList section */
	};
	rootObject = BFC7B6E12187F29E007D4143 /* Project object */;
}
